// !$*UTF8*$!
{
	archiveVersion = 1;
	classes = {
	};
	objectVersion = 46;
	objects = {

/* Begin PBXBuildFile section */
		5B41DE511A32577E00630682 /* Info.plist in Resources */ = {isa = PBXBuildFile; fileRef = 5B41DE411A32577E00630682 /* Info.plist */; };
		5B41DE531A32577E00630682 /* ProgressiveAuthentication.m in Sources */ = {isa = PBXBuildFile; fileRef = 5B41DE441A32577E00630682 /* ProgressiveAuthentication.m */; };
		5B41DE541A32577E00630682 /* ProgressiveAuthenticationCreatePasswordViewController.m in Sources */ = {isa = PBXBuildFile; fileRef = 5B41DE461A32577E00630682 /* ProgressiveAuthenticationCreatePasswordViewController.m */; };
		5B41DE551A32577E00630682 /* ProgressiveAuthenticationEnterPasswordViewController.m in Sources */ = {isa = PBXBuildFile; fileRef = 5B41DE481A32577E00630682 /* ProgressiveAuthenticationEnterPasswordViewController.m */; };
		5B41DE561A32577E00630682 /* ProgressiveAuthenticationLockModel.m in Sources */ = {isa = PBXBuildFile; fileRef = 5B41DE4A1A32577E00630682 /* ProgressiveAuthenticationLockModel.m */; };
		5B41DE581A32577E00630682 /* ProgressiveAuthenticationPasswordViewController.m in Sources */ = {isa = PBXBuildFile; fileRef = 5B41DE4E1A32577E00630682 /* ProgressiveAuthenticationPasswordViewController.m */; };
		5B41DE591A32577E00630682 /* ProgressiveAuthenticationUnlockViewController.m in Sources */ = {isa = PBXBuildFile; fileRef = 5B41DE501A32577E00630682 /* ProgressiveAuthenticationUnlockViewController.m */; };
		5B61FDFA1A1AE6AD00322E7A /* main.m in Sources */ = {isa = PBXBuildFile; fileRef = 5B61FDF91A1AE6AD00322E7A /* main.m */; };
		5B61FDFD1A1AE6AD00322E7A /* AppDelegate.m in Sources */ = {isa = PBXBuildFile; fileRef = 5B61FDFC1A1AE6AD00322E7A /* AppDelegate.m */; };
		5B61FE001A1AE6AD00322E7A /* BasicApp.xcdatamodeld in Sources */ = {isa = PBXBuildFile; fileRef = 5B61FDFE1A1AE6AD00322E7A /* BasicApp.xcdatamodeld */; };
		5B61FE031A1AE6AD00322E7A /* ViewController.m in Sources */ = {isa = PBXBuildFile; fileRef = 5B61FE021A1AE6AD00322E7A /* ViewController.m */; };
		5B61FE061A1AE6AD00322E7A /* Main.storyboard in Resources */ = {isa = PBXBuildFile; fileRef = 5B61FE041A1AE6AD00322E7A /* Main.storyboard */; };
		5B61FE081A1AE6AD00322E7A /* Images.xcassets in Resources */ = {isa = PBXBuildFile; fileRef = 5B61FE071A1AE6AD00322E7A /* Images.xcassets */; };
		5B61FE0B1A1AE6AD00322E7A /* LaunchScreen.xib in Resources */ = {isa = PBXBuildFile; fileRef = 5B61FE091A1AE6AD00322E7A /* LaunchScreen.xib */; };
		5B61FE171A1AE6AD00322E7A /* BasicAppTests.m in Sources */ = {isa = PBXBuildFile; fileRef = 5B61FE161A1AE6AD00322E7A /* BasicAppTests.m */; };
/* End PBXBuildFile section */

/* Begin PBXContainerItemProxy section */
		5B61FE111A1AE6AD00322E7A /* PBXContainerItemProxy */ = {
			isa = PBXContainerItemProxy;
			containerPortal = 5B61FDEC1A1AE6AD00322E7A /* Project object */;
			proxyType = 1;
			remoteGlobalIDString = 5B61FDF31A1AE6AD00322E7A;
			remoteInfo = BasicApp;
		};
/* End PBXContainerItemProxy section */

/* Begin PBXFileReference section */
		5B41DE411A32577E00630682 /* Info.plist */ = {isa = PBXFileReference; fileEncoding = 4; lastKnownFileType = text.plist.xml; path = Info.plist; sourceTree = "<group>"; };
		5B41DE431A32577E00630682 /* ProgressiveAuthentication.h */ = {isa = PBXFileReference; fileEncoding = 4; lastKnownFileType = sourcecode.c.h; path = ProgressiveAuthentication.h; sourceTree = "<group>"; };
		5B41DE441A32577E00630682 /* ProgressiveAuthentication.m */ = {isa = PBXFileReference; fileEncoding = 4; lastKnownFileType = sourcecode.c.objc; path = ProgressiveAuthentication.m; sourceTree = "<group>"; };
		5B41DE451A32577E00630682 /* ProgressiveAuthenticationCreatePasswordViewController.h */ = {isa = PBXFileReference; fileEncoding = 4; lastKnownFileType = sourcecode.c.h; path = ProgressiveAuthenticationCreatePasswordViewController.h; sourceTree = "<group>"; };
		5B41DE461A32577E00630682 /* ProgressiveAuthenticationCreatePasswordViewController.m */ = {isa = PBXFileReference; fileEncoding = 4; lastKnownFileType = sourcecode.c.objc; path = ProgressiveAuthenticationCreatePasswordViewController.m; sourceTree = "<group>"; };
		5B41DE471A32577E00630682 /* ProgressiveAuthenticationEnterPasswordViewController.h */ = {isa = PBXFileReference; fileEncoding = 4; lastKnownFileType = sourcecode.c.h; path = ProgressiveAuthenticationEnterPasswordViewController.h; sourceTree = "<group>"; };
		5B41DE481A32577E00630682 /* ProgressiveAuthenticationEnterPasswordViewController.m */ = {isa = PBXFileReference; fileEncoding = 4; lastKnownFileType = sourcecode.c.objc; path = ProgressiveAuthenticationEnterPasswordViewController.m; sourceTree = "<group>"; };
		5B41DE491A32577E00630682 /* ProgressiveAuthenticationLockModel.h */ = {isa = PBXFileReference; fileEncoding = 4; lastKnownFileType = sourcecode.c.h; path = ProgressiveAuthenticationLockModel.h; sourceTree = "<group>"; };
		5B41DE4A1A32577E00630682 /* ProgressiveAuthenticationLockModel.m */ = {isa = PBXFileReference; fileEncoding = 4; lastKnownFileType = sourcecode.c.objc; path = ProgressiveAuthenticationLockModel.m; sourceTree = "<group>"; };
		5B41DE4D1A32577E00630682 /* ProgressiveAuthenticationPasswordViewController.h */ = {isa = PBXFileReference; fileEncoding = 4; lastKnownFileType = sourcecode.c.h; path = ProgressiveAuthenticationPasswordViewController.h; sourceTree = "<group>"; };
		5B41DE4E1A32577E00630682 /* ProgressiveAuthenticationPasswordViewController.m */ = {isa = PBXFileReference; fileEncoding = 4; lastKnownFileType = sourcecode.c.objc; path = ProgressiveAuthenticationPasswordViewController.m; sourceTree = "<group>"; };
		5B41DE4F1A32577E00630682 /* ProgressiveAuthenticationUnlockViewController.h */ = {isa = PBXFileReference; fileEncoding = 4; lastKnownFileType = sourcecode.c.h; path = ProgressiveAuthenticationUnlockViewController.h; sourceTree = "<group>"; };
		5B41DE501A32577E00630682 /* ProgressiveAuthenticationUnlockViewController.m */ = {isa = PBXFileReference; fileEncoding = 4; lastKnownFileType = sourcecode.c.objc; path = ProgressiveAuthenticationUnlockViewController.m; sourceTree = "<group>"; };
		5B61FDF41A1AE6AD00322E7A /* BasicApp.app */ = {isa = PBXFileReference; explicitFileType = wrapper.application; includeInIndex = 0; path = BasicApp.app; sourceTree = BUILT_PRODUCTS_DIR; };
		5B61FDF81A1AE6AD00322E7A /* Info.plist */ = {isa = PBXFileReference; lastKnownFileType = text.plist.xml; path = Info.plist; sourceTree = "<group>"; };
		5B61FDF91A1AE6AD00322E7A /* main.m */ = {isa = PBXFileReference; lastKnownFileType = sourcecode.c.objc; path = main.m; sourceTree = "<group>"; };
		5B61FDFB1A1AE6AD00322E7A /* AppDelegate.h */ = {isa = PBXFileReference; lastKnownFileType = sourcecode.c.h; path = AppDelegate.h; sourceTree = "<group>"; };
		5B61FDFC1A1AE6AD00322E7A /* AppDelegate.m */ = {isa = PBXFileReference; lastKnownFileType = sourcecode.c.objc; path = AppDelegate.m; sourceTree = "<group>"; };
		5B61FDFF1A1AE6AD00322E7A /* BasicApp.xcdatamodel */ = {isa = PBXFileReference; lastKnownFileType = wrapper.xcdatamodel; path = BasicApp.xcdatamodel; sourceTree = "<group>"; };
		5B61FE011A1AE6AD00322E7A /* ViewController.h */ = {isa = PBXFileReference; lastKnownFileType = sourcecode.c.h; path = ViewController.h; sourceTree = "<group>"; };
		5B61FE021A1AE6AD00322E7A /* ViewController.m */ = {isa = PBXFileReference; lastKnownFileType = sourcecode.c.objc; path = ViewController.m; sourceTree = "<group>"; };
		5B61FE051A1AE6AD00322E7A /* Base */ = {isa = PBXFileReference; lastKnownFileType = file.storyboard; name = Base; path = Base.lproj/Main.storyboard; sourceTree = "<group>"; };
		5B61FE071A1AE6AD00322E7A /* Images.xcassets */ = {isa = PBXFileReference; lastKnownFileType = folder.assetcatalog; path = Images.xcassets; sourceTree = "<group>"; };
		5B61FE0A1A1AE6AD00322E7A /* Base */ = {isa = PBXFileReference; lastKnownFileType = file.xib; name = Base; path = Base.lproj/LaunchScreen.xib; sourceTree = "<group>"; };
		5B61FE101A1AE6AD00322E7A /* BasicAppTests.xctest */ = {isa = PBXFileReference; explicitFileType = wrapper.cfbundle; includeInIndex = 0; path = BasicAppTests.xctest; sourceTree = BUILT_PRODUCTS_DIR; };
		5B61FE151A1AE6AD00322E7A /* Info.plist */ = {isa = PBXFileReference; lastKnownFileType = text.plist.xml; path = Info.plist; sourceTree = "<group>"; };
		5B61FE161A1AE6AD00322E7A /* BasicAppTests.m */ = {isa = PBXFileReference; lastKnownFileType = sourcecode.c.objc; path = BasicAppTests.m; sourceTree = "<group>"; };
/* End PBXFileReference section */

/* Begin PBXFrameworksBuildPhase section */
		5B61FDF11A1AE6AD00322E7A /* Frameworks */ = {
			isa = PBXFrameworksBuildPhase;
			buildActionMask = 2147483647;
			files = (
			);
			runOnlyForDeploymentPostprocessing = 0;
		};
		5B61FE0D1A1AE6AD00322E7A /* Frameworks */ = {
			isa = PBXFrameworksBuildPhase;
			buildActionMask = 2147483647;
			files = (
			);
			runOnlyForDeploymentPostprocessing = 0;
		};
/* End PBXFrameworksBuildPhase section */

/* Begin PBXGroup section */
		5B41DE401A32577E00630682 /* ProgressiveAuthentication */ = {
			isa = PBXGroup;
			children = (
				5B41DE411A32577E00630682 /* Info.plist */,
				5B41DE431A32577E00630682 /* ProgressiveAuthentication.h */,
				5B41DE441A32577E00630682 /* ProgressiveAuthentication.m */,
				5B41DE451A32577E00630682 /* ProgressiveAuthenticationCreatePasswordViewController.h */,
				5B41DE461A32577E00630682 /* ProgressiveAuthenticationCreatePasswordViewController.m */,
				5B41DE471A32577E00630682 /* ProgressiveAuthenticationEnterPasswordViewController.h */,
				5B41DE481A32577E00630682 /* ProgressiveAuthenticationEnterPasswordViewController.m */,
				5B41DE491A32577E00630682 /* ProgressiveAuthenticationLockModel.h */,
				5B41DE4A1A32577E00630682 /* ProgressiveAuthenticationLockModel.m */,
				5B41DE4D1A32577E00630682 /* ProgressiveAuthenticationPasswordViewController.h */,
				5B41DE4E1A32577E00630682 /* ProgressiveAuthenticationPasswordViewController.m */,
				5B41DE4F1A32577E00630682 /* ProgressiveAuthenticationUnlockViewController.h */,
				5B41DE501A32577E00630682 /* ProgressiveAuthenticationUnlockViewController.m */,
			);
			name = ProgressiveAuthentication;
			path = ../../ProgressiveAuthentication/ProgressiveAuthentication;
			sourceTree = "<group>";
		};
		5B61FDEB1A1AE6AD00322E7A = {
			isa = PBXGroup;
			children = (
				5B61FDF61A1AE6AD00322E7A /* BasicApp */,
				5B61FE131A1AE6AD00322E7A /* BasicAppTests */,
				5B61FDF51A1AE6AD00322E7A /* Products */,
			);
			sourceTree = "<group>";
		};
		5B61FDF51A1AE6AD00322E7A /* Products */ = {
			isa = PBXGroup;
			children = (
				5B61FDF41A1AE6AD00322E7A /* BasicApp.app */,
				5B61FE101A1AE6AD00322E7A /* BasicAppTests.xctest */,
			);
			name = Products;
			sourceTree = "<group>";
		};
		5B61FDF61A1AE6AD00322E7A /* BasicApp */ = {
			isa = PBXGroup;
			children = (
				5B41DE401A32577E00630682 /* ProgressiveAuthentication */,
				5B61FDFB1A1AE6AD00322E7A /* AppDelegate.h */,
				5B61FDFC1A1AE6AD00322E7A /* AppDelegate.m */,
				5B61FE011A1AE6AD00322E7A /* ViewController.h */,
				5B61FE021A1AE6AD00322E7A /* ViewController.m */,
				5B61FE041A1AE6AD00322E7A /* Main.storyboard */,
				5B61FE071A1AE6AD00322E7A /* Images.xcassets */,
				5B61FE091A1AE6AD00322E7A /* LaunchScreen.xib */,
				5B61FDFE1A1AE6AD00322E7A /* BasicApp.xcdatamodeld */,
				5B61FDF71A1AE6AD00322E7A /* Supporting Files */,
			);
			path = BasicApp;
			sourceTree = "<group>";
		};
		5B61FDF71A1AE6AD00322E7A /* Supporting Files */ = {
			isa = PBXGroup;
			children = (
				5B61FDF81A1AE6AD00322E7A /* Info.plist */,
				5B61FDF91A1AE6AD00322E7A /* main.m */,
			);
			name = "Supporting Files";
			sourceTree = "<group>";
		};
		5B61FE131A1AE6AD00322E7A /* BasicAppTests */ = {
			isa = PBXGroup;
			children = (
				5B61FE161A1AE6AD00322E7A /* BasicAppTests.m */,
				5B61FE141A1AE6AD00322E7A /* Supporting Files */,
			);
			path = BasicAppTests;
			sourceTree = "<group>";
		};
		5B61FE141A1AE6AD00322E7A /* Supporting Files */ = {
			isa = PBXGroup;
			children = (
				5B61FE151A1AE6AD00322E7A /* Info.plist */,
			);
			name = "Supporting Files";
			sourceTree = "<group>";
		};
/* End PBXGroup section */

/* Begin PBXNativeTarget section */
		5B61FDF31A1AE6AD00322E7A /* BasicApp */ = {
			isa = PBXNativeTarget;
			buildConfigurationList = 5B61FE1A1A1AE6AD00322E7A /* Build configuration list for PBXNativeTarget "BasicApp" */;
			buildPhases = (
				5B61FDF01A1AE6AD00322E7A /* Sources */,
				5B61FDF11A1AE6AD00322E7A /* Frameworks */,
				5B61FDF21A1AE6AD00322E7A /* Resources */,
			);
			buildRules = (
			);
			dependencies = (
			);
			name = BasicApp;
			productName = BasicApp;
			productReference = 5B61FDF41A1AE6AD00322E7A /* BasicApp.app */;
			productType = "com.apple.product-type.application";
		};
		5B61FE0F1A1AE6AD00322E7A /* BasicAppTests */ = {
			isa = PBXNativeTarget;
			buildConfigurationList = 5B61FE1D1A1AE6AD00322E7A /* Build configuration list for PBXNativeTarget "BasicAppTests" */;
			buildPhases = (
				5B61FE0C1A1AE6AD00322E7A /* Sources */,
				5B61FE0D1A1AE6AD00322E7A /* Frameworks */,
				5B61FE0E1A1AE6AD00322E7A /* Resources */,
			);
			buildRules = (
			);
			dependencies = (
				5B61FE121A1AE6AD00322E7A /* PBXTargetDependency */,
			);
			name = BasicAppTests;
			productName = BasicAppTests;
			productReference = 5B61FE101A1AE6AD00322E7A /* BasicAppTests.xctest */;
			productType = "com.apple.product-type.bundle.unit-test";
		};
/* End PBXNativeTarget section */

/* Begin PBXProject section */
		5B61FDEC1A1AE6AD00322E7A /* Project object */ = {
			isa = PBXProject;
			attributes = {
				LastUpgradeCheck = 0610;
				ORGANIZATIONNAME = MIT;
				TargetAttributes = {
					5B61FDF31A1AE6AD00322E7A = {
						CreatedOnToolsVersion = 6.1;
					};
					5B61FE0F1A1AE6AD00322E7A = {
						CreatedOnToolsVersion = 6.1;
						TestTargetID = 5B61FDF31A1AE6AD00322E7A;
					};
				};
			};
			buildConfigurationList = 5B61FDEF1A1AE6AD00322E7A /* Build configuration list for PBXProject "BasicApp" */;
			compatibilityVersion = "Xcode 3.2";
			developmentRegion = English;
			hasScannedForEncodings = 0;
			knownRegions = (
				en,
				Base,
			);
			mainGroup = 5B61FDEB1A1AE6AD00322E7A;
			productRefGroup = 5B61FDF51A1AE6AD00322E7A /* Products */;
			projectDirPath = "";
			projectRoot = "";
			targets = (
				5B61FDF31A1AE6AD00322E7A /* BasicApp */,
				5B61FE0F1A1AE6AD00322E7A /* BasicAppTests */,
			);
		};
/* End PBXProject section */

/* Begin PBXResourcesBuildPhase section */
		5B61FDF21A1AE6AD00322E7A /* Resources */ = {
			isa = PBXResourcesBuildPhase;
			buildActionMask = 2147483647;
			files = (
				5B41DE511A32577E00630682 /* Info.plist in Resources */,
				5B61FE061A1AE6AD00322E7A /* Main.storyboard in Resources */,
				5B61FE0B1A1AE6AD00322E7A /* LaunchScreen.xib in Resources */,
				5B61FE081A1AE6AD00322E7A /* Images.xcassets in Resources */,
			);
			runOnlyForDeploymentPostprocessing = 0;
		};
		5B61FE0E1A1AE6AD00322E7A /* Resources */ = {
			isa = PBXResourcesBuildPhase;
			buildActionMask = 2147483647;
			files = (
			);
			runOnlyForDeploymentPostprocessing = 0;
		};
/* End PBXResourcesBuildPhase section */

/* Begin PBXSourcesBuildPhase section */
		5B61FDF01A1AE6AD00322E7A /* Sources */ = {
			isa = PBXSourcesBuildPhase;
			buildActionMask = 2147483647;
			files = (
				5B61FE001A1AE6AD00322E7A /* BasicApp.xcdatamodeld in Sources */,
				5B61FDFD1A1AE6AD00322E7A /* AppDelegate.m in Sources */,
				5B41DE591A32577E00630682 /* ProgressiveAuthenticationUnlockViewController.m in Sources */,
				5B41DE561A32577E00630682 /* ProgressiveAuthenticationLockModel.m in Sources */,
				5B61FE031A1AE6AD00322E7A /* ViewController.m in Sources */,
				5B41DE551A32577E00630682 /* ProgressiveAuthenticationEnterPasswordViewController.m in Sources */,
				5B41DE581A32577E00630682 /* ProgressiveAuthenticationPasswordViewController.m in Sources */,
				5B41DE541A32577E00630682 /* ProgressiveAuthenticationCreatePasswordViewController.m in Sources */,
				5B41DE531A32577E00630682 /* ProgressiveAuthentication.m in Sources */,
				5B61FDFA1A1AE6AD00322E7A /* main.m in Sources */,
			);
			runOnlyForDeploymentPostprocessing = 0;
		};
		5B61FE0C1A1AE6AD00322E7A /* Sources */ = {
			isa = PBXSourcesBuildPhase;
			buildActionMask = 2147483647;
			files = (
				5B61FE171A1AE6AD00322E7A /* BasicAppTests.m in Sources */,
			);
			runOnlyForDeploymentPostprocessing = 0;
		};
/* End PBXSourcesBuildPhase section */

/* Begin PBXTargetDependency section */
		5B61FE121A1AE6AD00322E7A /* PBXTargetDependency */ = {
			isa = PBXTargetDependency;
			target = 5B61FDF31A1AE6AD00322E7A /* BasicApp */;
			targetProxy = 5B61FE111A1AE6AD00322E7A /* PBXContainerItemProxy */;
		};
/* End PBXTargetDependency section */

/* Begin PBXVariantGroup section */
		5B61FE041A1AE6AD00322E7A /* Main.storyboard */ = {
			isa = PBXVariantGroup;
			children = (
				5B61FE051A1AE6AD00322E7A /* Base */,
			);
			name = Main.storyboard;
			sourceTree = "<group>";
		};
		5B61FE091A1AE6AD00322E7A /* LaunchScreen.xib */ = {
			isa = PBXVariantGroup;
			children = (
				5B61FE0A1A1AE6AD00322E7A /* Base */,
			);
			name = LaunchScreen.xib;
			sourceTree = "<group>";
		};
/* End PBXVariantGroup section */

/* Begin XCBuildConfiguration section */
		5B61FE181A1AE6AD00322E7A /* Debug */ = {
			isa = XCBuildConfiguration;
			buildSettings = {
				ALWAYS_SEARCH_USER_PATHS = NO;
				CLANG_CXX_LANGUAGE_STANDARD = "gnu++0x";
				CLANG_CXX_LIBRARY = "libc++";
				CLANG_ENABLE_MODULES = YES;
				CLANG_ENABLE_OBJC_ARC = YES;
				CLANG_WARN_BOOL_CONVERSION = YES;
				CLANG_WARN_CONSTANT_CONVERSION = YES;
				CLANG_WARN_DIRECT_OBJC_ISA_USAGE = YES_ERROR;
				CLANG_WARN_EMPTY_BODY = YES;
				CLANG_WARN_ENUM_CONVERSION = YES;
				CLANG_WARN_INT_CONVERSION = YES;
				CLANG_WARN_OBJC_ROOT_CLASS = YES_ERROR;
				CLANG_WARN_UNREACHABLE_CODE = YES;
				CLANG_WARN__DUPLICATE_METHOD_MATCH = YES;
				"CODE_SIGN_IDENTITY[sdk=iphoneos*]" = "iPhone Developer";
				COPY_PHASE_STRIP = NO;
				ENABLE_STRICT_OBJC_MSGSEND = YES;
				GCC_C_LANGUAGE_STANDARD = gnu99;
				GCC_DYNAMIC_NO_PIC = NO;
				GCC_OPTIMIZATION_LEVEL = 0;
				GCC_PREPROCESSOR_DEFINITIONS = (
					"DEBUG=1",
					"$(inherited)",
				);
				GCC_SYMBOLS_PRIVATE_EXTERN = NO;
				GCC_WARN_64_TO_32_BIT_CONVERSION = YES;
				GCC_WARN_ABOUT_RETURN_TYPE = YES_ERROR;
				GCC_WARN_UNDECLARED_SELECTOR = YES;
				GCC_WARN_UNINITIALIZED_AUTOS = YES_AGGRESSIVE;
				GCC_WARN_UNUSED_FUNCTION = YES;
				GCC_WARN_UNUSED_VARIABLE = YES;
				IPHONEOS_DEPLOYMENT_TARGET = 8.1;
				MTL_ENABLE_DEBUG_INFO = YES;
				ONLY_ACTIVE_ARCH = YES;
				SDKROOT = iphoneos;
			};
			name = Debug;
		};
		5B61FE191A1AE6AD00322E7A /* Release */ = {
			isa = XCBuildConfiguration;
			buildSettings = {
				ALWAYS_SEARCH_USER_PATHS = NO;
				CLANG_CXX_LANGUAGE_STANDARD = "gnu++0x";
				CLANG_CXX_LIBRARY = "libc++";
				CLANG_ENABLE_MODULES = YES;
				CLANG_ENABLE_OBJC_ARC = YES;
				CLANG_WARN_BOOL_CONVERSION = YES;
				CLANG_WARN_CONSTANT_CONVERSION = YES;
				CLANG_WARN_DIRECT_OBJC_ISA_USAGE = YES_ERROR;
				CLANG_WARN_EMPTY_BODY = YES;
				CLANG_WARN_ENUM_CONVERSION = YES;
				CLANG_WARN_INT_CONVERSION = YES;
				CLANG_WARN_OBJC_ROOT_CLASS = YES_ERROR;
				CLANG_WARN_UNREACHABLE_CODE = YES;
				CLANG_WARN__DUPLICATE_METHOD_MATCH = YES;
				"CODE_SIGN_IDENTITY[sdk=iphoneos*]" = "iPhone Developer";
				COPY_PHASE_STRIP = YES;
				ENABLE_NS_ASSERTIONS = NO;
				ENABLE_STRICT_OBJC_MSGSEND = YES;
				GCC_C_LANGUAGE_STANDARD = gnu99;
				GCC_WARN_64_TO_32_BIT_CONVERSION = YES;
				GCC_WARN_ABOUT_RETURN_TYPE = YES_ERROR;
				GCC_WARN_UNDECLARED_SELECTOR = YES;
				GCC_WARN_UNINITIALIZED_AUTOS = YES_AGGRESSIVE;
				GCC_WARN_UNUSED_FUNCTION = YES;
				GCC_WARN_UNUSED_VARIABLE = YES;
				IPHONEOS_DEPLOYMENT_TARGET = 8.1;
				MTL_ENABLE_DEBUG_INFO = NO;
				SDKROOT = iphoneos;
				VALIDATE_PRODUCT = YES;
			};
			name = Release;
		};
		5B61FE1B1A1AE6AD00322E7A /* Debug */ = {
			isa = XCBuildConfiguration;
			buildSettings = {
				ASSETCATALOG_COMPILER_APPICON_NAME = AppIcon;
				INFOPLIST_FILE = BasicApp/Info.plist;
				LD_RUNPATH_SEARCH_PATHS = "$(inherited) @executable_path/Frameworks";
				PRODUCT_NAME = "$(TARGET_NAME)";
			};
			name = Debug;
		};
		5B61FE1C1A1AE6AD00322E7A /* Release */ = {
			isa = XCBuildConfiguration;
			buildSettings = {
				ASSETCATALOG_COMPILER_APPICON_NAME = AppIcon;
				INFOPLIST_FILE = BasicApp/Info.plist;
				LD_RUNPATH_SEARCH_PATHS = "$(inherited) @executable_path/Frameworks";
				PRODUCT_NAME = "$(TARGET_NAME)";
			};
			name = Release;
		};
		5B61FE1E1A1AE6AD00322E7A /* Debug */ = {
			isa = XCBuildConfiguration;
			buildSettings = {
				BUNDLE_LOADER = "$(TEST_HOST)";
				FRAMEWORK_SEARCH_PATHS = (
					"$(SDKROOT)/Developer/Library/Frameworks",
					"$(inherited)",
					"$(PLATFORM_DIR)/Developer/Library/Frameworks",
				);
				GCC_PREPROCESSOR_DEFINITIONS = (
					"DEBUG=1",
					"$(inherited)",
				);
				INFOPLIST_FILE = BasicAppTests/Info.plist;
				LD_RUNPATH_SEARCH_PATHS = "$(inherited) @executable_path/Frameworks @loader_path/Frameworks";
				PRODUCT_NAME = "$(TARGET_NAME)";
				TEST_HOST = "$(BUILT_PRODUCTS_DIR)/BasicApp.app/BasicApp";
			};
			name = Debug;
		};
		5B61FE1F1A1AE6AD00322E7A /* Release */ = {
			isa = XCBuildConfiguration;
			buildSettings = {
				BUNDLE_LOADER = "$(TEST_HOST)";
				FRAMEWORK_SEARCH_PATHS = (
					"$(SDKROOT)/Developer/Library/Frameworks",
					"$(inherited)",
					"$(PLATFORM_DIR)/Developer/Library/Frameworks",
				);
				INFOPLIST_FILE = BasicAppTests/Info.plist;
				LD_RUNPATH_SEARCH_PATHS = "$(inherited) @executable_path/Frameworks @loader_path/Frameworks";
				PRODUCT_NAME = "$(TARGET_NAME)";
				TEST_HOST = "$(BUILT_PRODUCTS_DIR)/BasicApp.app/BasicApp";
			};
			name = Release;
		};
/* End XCBuildConfiguration section */

/* Begin XCConfigurationList section */
		5B61FDEF1A1AE6AD00322E7A /* Build configuration list for PBXProject "BasicApp" */ = {
			isa = XCConfigurationList;
			buildConfigurations = (
				5B61FE181A1AE6AD00322E7A /* Debug */,
				5B61FE191A1AE6AD00322E7A /* Release */,
			);
			defaultConfigurationIsVisible = 0;
			defaultConfigurationName = Release;
		};
		5B61FE1A1A1AE6AD00322E7A /* Build configuration list for PBXNativeTarget "BasicApp" */ = {
			isa = XCConfigurationList;
			buildConfigurations = (
				5B61FE1B1A1AE6AD00322E7A /* Debug */,
				5B61FE1C1A1AE6AD00322E7A /* Release */,
			);
			defaultConfigurationIsVisible = 0;
			defaultConfigurationName = Release;
		};
		5B61FE1D1A1AE6AD00322E7A /* Build configuration list for PBXNativeTarget "BasicAppTests" */ = {
			isa = XCConfigurationList;
			buildConfigurations = (
				5B61FE1E1A1AE6AD00322E7A /* Debug */,
				5B61FE1F1A1AE6AD00322E7A /* Release */,
			);
			defaultConfigurationIsVisible = 0;
			defaultConfigurationName = Release;
		};
/* End XCConfigurationList section */

/* Begin XCVersionGroup section */
		5B61FDFE1A1AE6AD00322E7A /* BasicApp.xcdatamodeld */ = {
			isa = XCVersionGroup;
			children = (
				5B61FDFF1A1AE6AD00322E7A /* BasicApp.xcdatamodel */,
			);
			currentVersion = 5B61FDFF1A1AE6AD00322E7A /* BasicApp.xcdatamodel */;
			path = BasicApp.xcdatamodeld;
			sourceTree = "<group>";
			versionGroupType = wrapper.xcdatamodel;
		};
/* End XCVersionGroup section */
	};
	rootObject = 5B61FDEC1A1AE6AD00322E7A /* Project object */;
}
